
Microsoft Visual Studio Solution File, Format Version 12.00
# Visual Studio Version 16
VisualStudioVersion = 16.0.30711.63
MinimumVisualStudioVersion = 10.0.40219.1
Project("{FAE04EC0-301F-11D3-BF4B-00C04F79EFBC}") = "Dynamo", "Dynamo\Dynamo.csproj", "{9B911486-3340-418E-9A44-629579079DC0}"
EndProject
Global
	GlobalSection(SolutionConfigurationPlatforms) = preSolution
		Debug|Any CPU = Debug|Any CPU
		Release|Any CPU = Release|Any CPU
	EndGlobalSection
	GlobalSection(ProjectConfigurationPlatforms) = postSolution
		{9B911486-3340-418E-9A44-629579079DC0}.Debug|Any CPU.ActiveCfg = Debug|Any CPU
		{9B911486-3340-418E-9A44-629579079DC0}.Debug|Any CPU.Build.0 = Debug|Any CPU
		{9B911486-3340-418E-9A44-629579079DC0}.Release|Any CPU.ActiveCfg = Release|Any CPU
		{9B911486-3340-418E-9A44-629579079DC0}.Release|Any CPU.Build.0 = Release|Any CPU
	EndGlobalSection
	GlobalSection(SolutionProperties) = preSolution
		HideSolutionNode = FALSE
	EndGlobalSection
	GlobalSection(ExtensibilityGlobals) = postSolution
		SolutionGuid = {55C61458-C16F-4F0B-AE58-E749E8E24F99}
	EndGlobalSection
EndGlobal
